# This file is automatically @generated by Poetry 2.3.2 and should not be changed by hand.

[[package]]
name = "geographiclib"
version = "2.1"
description = "The geodesic routines from GeographicLib"
optional = false
python-versions = ">=3.7"
groups = ["main"]
files = [
    {file = "geographiclib-2.1-py3-none-any.whl", hash = "sha256:e2a873b9b9e7fc38721ad73d5f4e6c9ed140d428a339970f505c07056997d40b"},
    {file = "geographiclib-2.1.tar.gz", hash = "sha256:6a6545e6262d0ed3522e13c515713718797e37ed8c672c31ad7b249f372ef108"},
]

[[package]]
name = "geopy"
version = "2.4.1"
description = "Python Geocoding Toolbox"
optional = false
python-versions = ">=3.7"
groups = ["main"]
files = [
    {file = "geopy-2.4.1-py3-none-any.whl", hash = "sha256:ae8b4bc5c1131820f4d75fce9d4aaaca0c85189b3aa5d64c3dcaf5e3b7b882a7"},
    {file = "geopy-2.4.1.tar.gz", hash = "sha256:50283d8e7ad07d89be5cb027338c6365a32044df3ae2556ad3f52f4840b3d0d1"},
]

[package.dependencies]
geographiclib = ">=1.52,<3"

[package.extras]
aiohttp = ["aiohttp"]
dev = ["coverage", "flake8 (>=5.0,<5.1)", "isort (>=5.10.0,<5.11.0)", "pytest (>=3.10)", "pytest-asyncio (>=0.17)", "readme-renderer", "sphinx (<=4.3.2)", "sphinx-issues", "sphinx-rtd-theme (>=0.5.0)"]
dev-docs = ["readme-renderer", "sphinx (<=4.3.2)", "sphinx-issues", "sphinx-rtd-theme (>=0.5.0)"]
dev-lint = ["flake8 (>=5.0,<5.1)", "isort (>=5.10.0,<5.11.0)"]
dev-test = ["coverage", "pytest (>=3.10)", "pytest-asyncio (>=0.17)", "sphinx (<=4.3.2)"]
requests = ["requests (>=2.16.2)", "urllib3 (>=1.24.2)"]
timezone = ["pytz"]

[[package]]
name = "jinja2"
version = "3.1.6"
description = "A very fast and expressive template engine."
optional = false
python-versions = ">=3.7"
groups = ["main"]
files = [
    {file = "jinja2-3.1.6-py3-none-any.whl", hash = "sha256:85ece4451f492d0c13c5dd7c13a64681a86afae63a5f347908daf103ce6d2f67"},
    {file = "jinja2-3.1.6.tar.gz", hash = "sha256:0137fb05990d35f1275a587e9aee6d56da821fc83491a0fb838183be43f66d6d"},
]

[package.dependencies]
MarkupSafe = ">=2.0"

[package.extras]
i18n = ["Babel (>=2.7)"]

[[package]]
name = "markdown"
version = "3.10.2"
description = "Python implementation of John Gruber's Markdown."
optional = false
python-versions = ">=3.10"
groups = ["main"]
files = [
    {file = "markdown-3.10.2-py3-none-any.whl", hash = "sha256:e91464b71ae3ee7afd3017d9f358ef0baf158fd9a298db92f1d4761133824c36"},
    {file = "markdown-3.10.2.tar.gz", hash = "sha256:994d51325d25ad8aa7ce4ebaec003febcce822c3f8c911e3b17c52f7f589f950"},
]

[package.extras]
docs = ["mdx_gh_links (>=0.2)", "mkdocs (>=1.6)", "mkdocs-gen-files", "mkdocs-literate-nav", "mkdocs-nature (>=0.6)", "mkdocs-section-index", "mkdocstrings[python] (>=0.28.3)"]
testing = ["coverage", "pyyaml"]

[[package]]
name = "markupsafe"
version = "3.0.3"
description = "Safely add untrusted strings to HTML/XML markup."
optional = false
python-versions = ">=3.9"
groups = ["main"]
files = [
    {file = "markupsafe-3.0.3-cp310-cp310-macosx_10_9_x86_64.whl", hash = "sha256:2f981d352f04553a7171b8e44369f2af4055f888dfb147d55e42d29e29e74559"},
    {file = "markupsafe-3.0.3-cp310-cp310-macosx_11_0_arm64.whl", hash = "sha256:e1c1493fb6e50ab01d20a22826e57520f1284df32f2d8601fdd90b6304601419"},
    {file = "markupsafe-3.0.3-cp310-cp310-manylinux2014_aarch64.manylinux_2_17_aarch64.manylinux_2_28_aarch64.whl", hash = "sha256:1ba88449deb3de88bd40044603fafffb7bc2b055d626a330323a9ed736661695"},
    {file = "markupsafe-3.0.3-cp310-cp310-manylinux2014_x86_64.manylinux_2_17_x86_64.manylinux_2_28_x86_64.whl", hash = "sha256:f42d0984e947b8adf7dd6dde396e720934d12c506ce84eea8476409563607591"},
    {file = "markupsafe-3.0.3-cp310-cp310-manylinux_2_31_riscv64.manylinux_2_39_riscv64.whl", hash = "sha256:c0c0b3ade1c0b13b936d7970b1d37a57acde9199dc2aecc4c336773e1d86049c"},
    {file = "markupsafe-3.0.3-cp310-cp310-musllinux_1_2_aarch64.whl", hash = "sha256:0303439a41979d9e74d18ff5e2dd8c43ed6c6001fd40e5bf2e43f7bd9bbc523f"},
    {file = "markupsafe-3.0.3-cp310-cp310-musllinux_1_2_riscv64.whl", hash = "sha256:d2ee202e79d8ed691ceebae8e0486bd9a2cd4794cec4824e1c99b6f5009502f6"},
    {file = "markupsafe-3.0.3-cp310-cp310-musllinux_1_2_x86_64.whl", hash = "sha256:177b5253b2834fe3678cb4a5f0059808258584c559193998be2601324fdeafb1"},
    {file = "markupsafe-3.0.3-cp310-cp310-win32.whl", hash = "sha256:2a15a08b17dd94c53a1da0438822d70ebcd13f8c3a95abe3a9ef9f11a94830aa"},
    {file = "markupsafe-3.0.3-cp310-cp310-win_amd64.whl", hash = "sha256:c4ffb7ebf07cfe8931028e3e4c85f0357459a3f9f9490886198848f4fa002ec8"},
    {file = "markupsafe-3.0.3-cp310-cp310-win_arm64.whl", hash = "sha256:e2103a929dfa2fcaf9bb4e7c091983a49c9ac3b19c9061b6d5427dd7d14d81a1"},
    {file = "markupsafe-3.0.3-cp311-cp311-macosx_10_9_x86_64.whl", hash = "sha256:1cc7ea17a6824959616c525620e387f6dd30fec8cb44f649e31712db02123dad"},
    {file = "markupsafe-3.0.3-cp311-cp311-macosx_11_0_arm64.whl", hash = "sha256:4bd4cd07944443f5a265608cc6aab442e4f74dff8088b0dfc8238647b8f6ae9a"},
    {file = "markupsafe-3.0.3-cp311-cp311-manylinux2014_aarch64.manylinux_2_17_aarch64.manylinux_2_28_aarch64.whl", hash = "sha256:6b5420a1d9450023228968e7e6a9ce57f65d148ab56d2313fcd589eee96a7a50"},
    {file = "markupsafe-3.0.3-cp311-cp311-manylinux2014_x86_64.manylinux_2_17_x86_64.manylinux_2_28_x86_64.whl", hash = "sha256:0bf2a864d67e76e5c9a34dc26ec616a66b9888e25e7b9460e1c76d3293bd9dbf"},
    {file = "markupsafe-3.0.3-cp311-cp311-manylinux_2_31_riscv64.manylinux_2_39_riscv64.whl", hash = "sha256:bc51efed119bc9cfdf792cdeaa4d67e8f6fcccab66ed4bfdd6bde3e59bfcbb2f"},
    {file = "markupsafe-3.0.3-cp311-cp311-musllinux_1_2_aarch64.whl", hash = "sha256:068f375c472b3e7acbe2d5318dea141359e6900156b5b2ba06a30b169086b91a"},
    {file = "markupsafe-3.0.3-cp311-cp311-musllinux_1_2_riscv64.whl", hash = "sha256:7be7b61bb172e1ed687f1754f8e7484f1c8019780f6f6b0786e76bb01c2ae115"},
    {file = "markupsafe-3.0.3-cp311-cp311-musllinux_1_2_x86_64.whl", hash = "sha256:f9e130248f4462aaa8e2552d547f36ddadbeaa573879158d721bbd33dfe4743a"},
    {file = "markupsafe-3.0.3-cp311-cp311-win32.whl", hash = "sha256:0db14f5dafddbb6d9208827849fad01f1a2609380add406671a26386cdf15a19"},
    {file = "markupsafe-3.0.3-cp311-cp311-win_amd64.whl", hash = "sha256:de8a88e63464af587c950061a5e6a67d3632e36df62b986892331d4620a35c01"},
    {file = "markupsafe-3.0.3-cp311-cp311-win_arm64.whl", hash = "sha256:3b562dd9e9ea93f13d53989d23a7e775fdfd1066c33494ff43f5418bc8c58a5c"},
    {file = "markupsafe-3.0.3-cp312-cp312-macosx_10_13_x86_64.whl", hash = "sha256:d53197da72cc091b024dd97249dfc7794d6a56530370992a5e1a08983ad9230e"},
    {file = "markupsafe-3.0.3-cp312-cp312-macosx_11_0_arm64.whl", hash = "sha256:1872df69a4de6aead3491198eaf13810b565bdbeec3ae2dc8780f14458ec73ce"},
    {file = "markupsafe-3.0.3-cp312-cp312-manylinux2014_aarch64.manylinux_2_17_aarch64.manylinux_2_28_aarch64.whl", hash = "sha256:3a7e8ae81ae39e62a41ec302f972ba6ae23a5c5396c8e60113e9066ef893da0d"},
    {file = "markupsafe-3.0.3-cp312-cp312-manylinux2014_x86_64.manylinux_2_17_x86_64.manylinux_2_28_x86_64.whl", hash = "sha256:d6dd0be5b5b189d31db7cda48b91d7e0a9795f31430b7f271219ab30f1d3ac9d"},
    {file = "markupsafe-3.0.3-cp312-cp312-manylinux_2_31_riscv64.manylinux_2_39_riscv64.whl", hash = "sha256:94c6f0bb423f739146aec64595853541634bde58b2135f27f61c1ffd1cd4d16a"},
    {file = "markupsafe-3.0.3-cp312-cp312-musllinux_1_2_aarch64.whl", hash = "sha256:be8813b57049a7dc738189df53d69395eba14fb99345e0a5994914a3864c8a4b"},
    {file = "markupsafe-3.0.3-cp312-cp312-musllinux_1_2_riscv64.whl", hash = "sha256:83891d0e9fb81a825d9a6d61e3f07550ca70a076484292a70fde82c4b807286f"},
    {file = "markupsafe-3.0.3-cp312-cp312-musllinux_1_2_x86_64.whl", hash = "sha256:77f0643abe7495da77fb436f50f8dab76dbc6e5fd25d39589a0f1fe6548bfa2b"},
    {file = "markupsafe-3.0.3-cp312-cp312-win32.whl", hash = "sha256:d88b440e37a16e651bda4c7c2b930eb586fd15ca7406cb39e211fcff3bf3017d"},
    {file = "markupsafe-3.0.3-cp312-cp312-win_amd64.whl", hash = "sha256:26a5784ded40c9e318cfc2bdb30fe164bdb8665ded9cd64d500a34fb42067b1c"},
    {file = "markupsafe-3.0.3-cp312-cp312-win_arm64.whl", hash = "sha256:35add3b638a5d900e807944a078b51922212fb3dedb01633a8defc4b01a3c85f"},
    {file = "markupsafe-3.0.3-cp313-cp313-macosx_10_13_x86_64.whl", hash = "sha256:e1cf1972137e83c5d4c136c43ced9ac51d0e124706ee1c8aa8532c1287fa8795"},
    {file = "markupsafe-3.0.3-cp313-cp313-macosx_11_0_arm64.whl", hash = "sha256:116bb52f642a37c115f517494ea5feb03889e04df47eeff5b130b1808ce7c219"},
    {file = "markupsafe-3.0.3-cp313-cp313-manylinux2014_aarch64.manylinux_2_17_aarch64.manylinux_2_28_aarch64.whl", hash = "sha256:133a43e73a802c5562be9bbcd03d090aa5a1fe899db609c29e8c8d815c5f6de6"},
    {file = "markupsafe-3.0.3-cp313-cp313-manylinux2014_x86_64.manylinux_2_17_x86_64.manylinux_2_28_x86_64.whl", hash = "sha256:ccfcd093f13f0f0b7fdd0f198b90053bf7b2f02a3927a30e63f3ccc9df56b676"},
    {file = "markupsafe-3.0.3-cp313-cp313-manylinux_2_31_riscv64.manylinux_2_39_riscv64.whl", hash = "sha256:509fa21c6deb7a7a273d629cf5ec029bc209d1a51178615ddf718f5918992ab9"},
    {file = "markupsafe-3.0.3-cp313-cp313-musllinux_1_2_aarch64.whl", hash = "sha256:a4afe79fb3de0b7097d81da19090f4df4f8d3a2b3adaa8764138aac2e44f3af1"},
    {file = "markupsafe-3.0.3-cp313-cp313-musllinux_1_2_riscv64.whl", hash = "sha256:795e7751525cae078558e679d646ae45574b47ed6e7771863fcc079a6171a0fc"},
    {file = "markupsafe-3.0.3-cp313-cp313-musllinux_1_2_x86_64.whl", hash = "sha256:8485f406a96febb5140bfeca44a73e3ce5116b2501ac54fe953e488fb1d03b12"},
    {file = "markupsafe-3.0.3-cp313-cp313-win32.whl", hash = "sha256:bdd37121970bfd8be76c5fb069c7751683bdf373db1ed6c010162b2a130248ed"},
    {file = "markupsafe-3.0.3-cp313-cp313-win_amd64.whl", hash = "sha256:9a1abfdc021a164803f4d485104931fb8f8c1efd55bc6b748d2f5774e78b62c5"},
    {file = "markupsafe-3.0.3-cp313-cp313-win_arm64.whl", hash = "sha256:7e68f88e5b8799aa49c85cd116c932a1ac15caaa3f5db09087854d218359e485"},
    {file = "markupsafe-3.0.3-cp313-cp313t-macosx_10_13_x86_64.whl", hash = "sha256:218551f6df4868a8d527e3062d0fb968682fe92054e89978594c28e642c43a73"},
    {file = "markupsafe-3.0.3-cp313-cp313t-macosx_11_0_arm64.whl", hash = "sha256:3524b778fe5cfb3452a09d31e7b5adefeea8c5be1d43c4f810ba09f2ceb29d37"},
    {file = "markupsafe-3.0.3-cp313-cp313t-manylinux2014_aarch64.manylinux_2_17_aarch64.manylinux_2_28_aarch64.whl", hash = "sha256:4e885a3d1efa2eadc93c894a21770e4bc67899e3543680313b09f139e149ab19"},
    {file = "markupsafe-3.0.3-cp313-cp313t-manylinux2014_x86_64.manylinux_2_17_x86_64.manylinux_2_28_x86_64.whl", hash = "sha256:8709b08f4a89aa7586de0aadc8da56180242ee0ada3999749b183aa23df95025"},
    {file = "markupsafe-3.0.3-cp313-cp313t-manylinux_2_31_riscv64.manylinux_2_39_riscv64.whl", hash = "sha256:b8512a91625c9b3da6f127803b166b629725e68af71f8184ae7e7d54686a56d6"},
    {file = "markupsafe-3.0.3-cp313-cp313t-musllinux_1_2_aarch64.whl", hash = "sha256:9b79b7a16f7fedff2495d684f2b59b0457c3b493778c9eed31111be64d58279f"},
    {file = "markupsafe-3.0.3-cp313-cp313t-musllinux_1_2_riscv64.whl", hash = "sha256:12c63dfb4a98206f045aa9563db46507995f7ef6d83b2f68eda65c307c6829eb"},
    {file = "markupsafe-3.0.3-cp313-cp313t-musllinux_1_2_x86_64.whl", hash = "sha256:8f71bc33915be5186016f675cd83a1e08523649b0e33efdb898db577ef5bb009"},
    {file = "markupsafe-3.0.3-cp313-cp313t-win32.whl", hash = "sha256:69c0b73548bc525c8cb9a251cddf1931d1db4d2258e9599c28c07ef3580ef354"},
    {file = "markupsafe-3.0.3-cp313-cp313t-win_amd64.whl", hash = "sha256:1b4b79e8ebf6b55351f0d91fe80f893b4743f104bff22e90697db1590e47a218"},
    {file = "markupsafe-3.0.3-cp313-cp313t-win_arm64.whl", hash = "sha256:ad2cf8aa28b8c020ab2fc8287b0f823d0a7d8630784c31e9ee5edea20f406287"},
    {file = "markupsafe-3.0.3-cp314-cp314-macosx_10_13_x86_64.whl", hash = "sha256:eaa9599de571d72e2daf60164784109f19978b327a3910d3e9de8c97b5b70cfe"},
    {file = "markupsafe-3.0.3-cp314-cp314-macosx_11_0_arm64.whl", hash = "sha256:c47a551199eb8eb2121d4f0f15ae0f923d31350ab9280078d1e5f12b249e0026"},
    {file = "markupsafe-3.0.3-cp314-cp314-manylinux2014_aarch64.manylinux_2_17_aarch64.manylinux_2_28_aarch64.whl", hash = "sha256:f34c41761022dd093b4b6896d4810782ffbabe30f2d443ff5f083e0cbbb8c737"},
    {file = "markupsafe-3.0.3-cp314-cp314-manylinux2014_x86_64.manylinux_2_17_x86_64.manylinux_2_28_x86_64.whl", hash = "sha256:457a69a9577064c05a97c41f4e65148652db078a3a509039e64d3467b9e7ef97"},
    {file = "markupsafe-3.0.3-cp314-cp314-manylinux_2_31_riscv64.manylinux_2_39_riscv64.whl", hash = "sha256:e8afc3f2ccfa24215f8cb28dcf43f0113ac3c37c2f0f0806d8c70e4228c5cf4d"},
    {file = "markupsafe-3.0.3-cp314-cp314-musllinux_1_2_aarch64.whl", hash = "sha256:ec15a59cf5af7be74194f7ab02d0f59a62bdcf1a537677ce67a2537c9b87fcda"},
    {file = "markupsafe-3.0.3-cp314-cp314-musllinux_1_2_riscv64.whl", hash = "sha256:0eb9ff8191e8498cca014656ae6b8d61f39da5f95b488805da4bb029cccbfbaf"},
    {file = "markupsafe-3.0.3-cp314-cp314-musllinux_1_2_x86_64.whl", hash = "sha256:2713baf880df847f2bece4230d4d094280f4e67b1e813eec43b4c0e144a34ffe"},
    {file = "markupsafe-3.0.3-cp314-cp314-win32.whl", hash = "sha256:729586769a26dbceff69f7a7dbbf59ab6572b99d94576a5592625d5b411576b9"},
    {file = "markupsafe-3.0.3-cp314-cp314-win_amd64.whl", hash = "sha256:bdc919ead48f234740ad807933cdf545180bfbe9342c2bb451556db2ed958581"},
    {file = "markupsafe-3.0.3-cp314-cp314-win_arm64.whl", hash = "sha256:5a7d5dc5140555cf21a6fefbdbf8723f06fcd2f63ef108f2854de715e4422cb4"},
    {file = "markupsafe-3.0.3-cp314-cp314t-macosx_10_13_x86_64.whl", hash = "sha256:1353ef0c1b138e1907ae78e2f6c63ff67501122006b0f9abad68fda5f4ffc6ab"},
    {file = "markupsafe-3.0.3-cp314-cp314t-macosx_11_0_arm64.whl", hash = "sha256:1085e7fbddd3be5f89cc898938f42c0b3c711fdcb37d75221de2666af647c175"},
    {file = "markupsafe-3.0.3-cp314-cp314t-manylinux2014_aarch64.manylinux_2_17_aarch64.manylinux_2_28_aarch64.whl", hash = "sha256:1b52b4fb9df4eb9ae465f8d0c228a00624de2334f216f178a995ccdcf82c4634"},
    {file = "markupsafe-3.0.3-cp314-cp314t-manylinux2014_x86_64.manylinux_2_17_x86_64.manylinux_2_28_x86_64.whl", hash = "sha256:fed51ac40f757d41b7c48425901843666a6677e3e8eb0abcff09e4ba6e664f50"},
    {file = "markupsafe-3.0.3-cp314-cp314t-manylinux_2_31_riscv64.manylinux_2_39_riscv64.whl", hash = "sha256:f190daf01f13c72eac4efd5c430a8de82489d9cff23c364c3ea822545032993e"},
    {file = "markupsafe-3.0.3-cp314-cp314t-musllinux_1_2_aarch64.whl", hash = "sha256:e56b7d45a839a697b5eb268c82a71bd8c7f6c94d6fd50c3d577fa39a9f1409f5"},
    {file = "markupsafe-3.0.3-cp314-cp314t-musllinux_1_2_riscv64.whl", hash = "sha256:f3e98bb3798ead92273dc0e5fd0f31ade220f59a266ffd8a4f6065e0a3ce0523"},
    {file = "markupsafe-3.0.3-cp314-cp314t-musllinux_1_2_x86_64.whl", hash = "sha256:5678211cb9333a6468fb8d8be0305520aa073f50d17f089b5b4b477ea6e67fdc"},
    {file = "markupsafe-3.0.3-cp314-cp314t-win32.whl", hash = "sha256:915c04ba3851909ce68ccc2b8e2cd691618c4dc4c4232fb7982bca3f41fd8c3d"},
    {file = "markupsafe-3.0.3-cp314-cp314t-win_amd64.whl", hash = "sha256:4faffd047e07c38848ce017e8725090413cd80cbc23d86e55c587bf979e579c9"},
    {file = "markupsafe-3.0.3-cp314-cp314t-win_arm64.whl", hash = "sha256:32001d6a8fc98c8cb5c947787c5d08b0a50663d139f1305bac5885d98d9b40fa"},
    {file = "markupsafe-3.0.3-cp39-cp39-macosx_10_9_x86_64.whl", hash = "sha256:15d939a21d546304880945ca1ecb8a039db6b4dc49b2c5a400387cdae6a62e26"},
    {file = "markupsafe-3.0.3-cp39-cp39-macosx_11_0_arm64.whl", hash = "sha256:f71a396b3bf33ecaa1626c255855702aca4d3d9fea5e051b41ac59a9c1c41edc"},
    {file = "markupsafe-3.0.3-cp39-cp39-manylinux2014_aarch64.manylinux_2_17_aarch64.manylinux_2_28_aarch64.whl", hash = "sha256:0f4b68347f8c5eab4a13419215bdfd7f8c9b19f2b25520968adfad23eb0ce60c"},
    {file = "markupsafe-3.0.3-cp39-cp39-manylinux2014_x86_64.manylinux_2_17_x86_64.manylinux_2_28_x86_64.whl", hash = "sha256:e8fc20152abba6b83724d7ff268c249fa196d8259ff481f3b1476383f8f24e42"},
    {file = "markupsafe-3.0.3-cp39-cp39-manylinux_2_31_riscv64.manylinux_2_39_riscv64.whl", hash = "sha256:949b8d66bc381ee8b007cd945914c721d9aba8e27f71959d750a46f7c282b20b"},
    {file = "markupsafe-3.0.3-cp39-cp39-musllinux_1_2_aarch64.whl", hash = "sha256:3537e01efc9d4dccdf77221fb1cb3b8e1a38d5428920e0657ce299b20324d758"},
    {file = "markupsafe-3.0.3-cp39-cp39-musllinux_1_2_riscv64.whl", hash = "sha256:591ae9f2a647529ca990bc681daebdd52c8791ff06c2bfa05b65163e28102ef2"},
    {file = "markupsafe-3.0.3-cp39-cp39-musllinux_1_2_x86_64.whl", hash = "sha256:a320721ab5a1aba0a233739394eb907f8c8da5c98c9181d1161e77a0c8e36f2d"},
    {file = "markupsafe-3.0.3-cp39-cp39-win32.whl", hash = "sha256:df2449253ef108a379b8b5d6b43f4b1a8e81a061d6537becd5582fba5f9196d7"},
    {file = "markupsafe-3.0.3-cp39-cp39-win_amd64.whl", hash = "sha256:7c3fb7d25180895632e5d3148dbdc29ea38ccb7fd210aa27acbd1201a1902c6e"},
    {file = "markupsafe-3.0.3-cp39-cp39-win_arm64.whl", hash = "sha256:38664109c14ffc9e7437e86b4dceb442b0096dfe3541d7864d9cbe1da4cf36c8"},
    {file = "markupsafe-3.0.3.tar.gz", hash = "sha256:722695808f4b6457b320fdc131280796bdceb04ab50fe1795cd540799ebe1698"},
]

[[package]]
name = "narwhals"
version = "2.21.2"
description = "Extremely lightweight compatibility layer between dataframe libraries"
optional = false
python-versions = ">=3.10"
groups = ["main"]
files = [
    {file = "narwhals-2.21.2-py3-none-any.whl", hash = "sha256:7bb57c3700486039215455b9bf2d64261915cc0fd845cc30272d631df696b251"},
    {file = "narwhals-2.21.2.tar.gz", hash = "sha256:5c5b2d0b47aef7c73ea412cfcbcd467f2f2d5be73e3c2ab19d78f4a97718790a"},
]

[package.extras]
cudf = ["cudf-cu12 (>=24.10.0)"]
dask = ["dask[dataframe] (>=2024.8)"]
duckdb = ["duckdb (>=1.1)"]
ibis = ["ibis-framework (>=6.0.0)", "packaging", "pyarrow-hotfix", "rich"]
modin = ["modin"]
pandas = ["pandas (>=1.1.3)"]
polars = ["polars (>=0.20.4)"]
pyarrow = ["pyarrow (>=13.0.0)"]
pyspark = ["pyspark (>=3.5.0)"]
pyspark-connect = ["pyspark[connect] (>=3.5.0)"]
sql = ["duckdb (>=1.1)", "sqlparse"]
sqlframe = ["sqlframe (>=3.22.0,!=3.39.3)"]

[[package]]
name = "numpy"
version = "2.4.5"
description = "Fundamental package for array computing in Python"
optional = false
python-versions = ">=3.11"
groups = ["main"]
files = [
    {file = "numpy-2.4.5-cp311-cp311-macosx_10_9_x86_64.whl", hash = "sha256:3176dc8ff71dbb593606f91a69ad0c3cd3303c7eb546af477370ab9edf760288"},
    {file = "numpy-2.4.5-cp311-cp311-macosx_11_0_arm64.whl", hash = "sha256:1811150e5148f5a01a7cc282cb2f489b4a3050a773e173adb480e507bad3a3d7"},
    {file = "numpy-2.4.5-cp311-cp311-macosx_14_0_arm64.whl", hash = "sha256:0d63a780070871210853ba01e90b88f9b85cf2abf63a7f143d5127189265ddf6"},
    {file = "numpy-2.4.5-cp311-cp311-macosx_14_0_x86_64.whl", hash = "sha256:0c6919cefafb3b76cd46a89dbb203bf1dd95529d2a6d09fef2d325d95d6a79d8"},
    {file = "numpy-2.4.5-cp311-cp311-manylinux_2_27_aarch64.manylinux_2_28_aarch64.whl", hash = "sha256:d51efede1e58e8b11877536a5518f60e318d8ff69b89ad7b38ee5e431b24d772"},
    {file = "numpy-2.4.5-cp311-cp311-manylinux_2_27_x86_64.manylinux_2_28_x86_64.whl", hash = "sha256:07ce7e74da92d7c71b5df157b9758bcdd53d7fea10602154de3afd2b3ddc34dd"},
    {file = "numpy-2.4.5-cp311-cp311-musllinux_1_2_aarch64.whl", hash = "sha256:d7828234a13185effb34979e146f9921f2a65dfbbe215e6dbb57d6478fc8e059"},
    {file = "numpy-2.4.5-cp311-cp311-musllinux_1_2_x86_64.whl", hash = "sha256:f96083adc3dfc1bbf778f2c79654d88115fa07074c97cb724fe9508f12d91c55"},
    {file = "numpy-2.4.5-cp311-cp311-win32.whl", hash = "sha256:4ed78c904a638b6e5d7cd4db90c06fca5fc6ec2f28d258305368f454a50e79cf"},
    {file = "numpy-2.4.5-cp311-cp311-win_amd64.whl", hash = "sha256:079b0fad6f2899b23c5da89792b5409d2d83fc83e8bd5c2299cc9c397a264864"},
    {file = "numpy-2.4.5-cp311-cp311-win_arm64.whl", hash = "sha256:d6c78e260b53affe9b395a9d54fc61f101f9521c4d9452c7e9e3718b19e2215b"},
    {file = "numpy-2.4.5-cp312-cp312-macosx_10_13_x86_64.whl", hash = "sha256:654fb8674b61b1c4bd568f944d13a908566fdcb0d797303521d4149d16da05ef"},
    {file = "numpy-2.4.5-cp312-cp312-macosx_11_0_arm64.whl", hash = "sha256:4cd9f6fa7ce10dc4627f2bb81dd9075dab67e94632e04c2b638e12575ddaa862"},
    {file = "numpy-2.4.5-cp312-cp312-macosx_14_0_arm64.whl", hash = "sha256:4f5bc96d35d94e4ceab8b38a92241b4611e95dc44e63b9f1fa2a331858ee3507"},
    {file = "numpy-2.4.5-cp312-cp312-macosx_14_0_x86_64.whl", hash = "sha256:4bb33e900ee81730ad77a258965134aa8ceac805124f7e5229347beda4b8d0aa"},
    {file = "numpy-2.4.5-cp312-cp312-manylinux_2_27_aarch64.manylinux_2_28_aarch64.whl", hash = "sha256:32f8f852273ef32b291201ac2a2c97629c4a1ee8632bb670e3443eaa09fc2e72"},
    {file = "numpy-2.4.5-cp312-cp312-manylinux_2_27_x86_64.manylinux_2_28_x86_64.whl", hash = "sha256:685681e956fc8dcb75adc6ff26694e1dfd738b24bd8d4696c51ca0110157f912"},
    {file = "numpy-2.4.5-cp312-cp312-musllinux_1_2_aarch64.whl", hash = "sha256:6f64dd84b277a737eb59513f6b9bb6195bf41ab11941ef15b2562dbab43fa8ef"},
    {file = "numpy-2.4.5-cp312-cp312-musllinux_1_2_x86_64.whl", hash = "sha256:b42d9496f79e3a728192f05a42d86e36163217b7cdecb3813d0028a0aa6b72d7"},
    {file = "numpy-2.4.5-cp312-cp312-win32.whl", hash = "sha256:86d980970f5110595ca14855768073b08585fc1acc36895de303e039e7dee4a5"},
    {file = "numpy-2.4.5-cp312-cp312-win_amd64.whl", hash = "sha256:3333dba6a4e611d666f69e177ba8fe4140366ff681a5feb2374d3fd4fff3acb6"},
    {file = "numpy-2.4.5-cp312-cp312-win_arm64.whl", hash = "sha256:4593d197270b894efeb538dcbe227e4bcf1c77f88c4c6bf933ead812cfaa4453"},
    {file = "numpy-2.4.5-cp313-cp313-macosx_10_13_x86_64.whl", hash = "sha256:1ef248460b645c102026b82337cc4e88231909c66dd77b59ec6d6cac7e44f277"},
    {file = "numpy-2.4.5-cp313-cp313-macosx_11_0_arm64.whl", hash = "sha256:4603622bdcdbf8dccb1d9d5b21d16a7aa4e473ae6c8e14048d846fd4ca2907a0"},
    {file = "numpy-2.4.5-cp313-cp313-macosx_14_0_arm64.whl", hash = "sha256:6c18d49c67689c562854b53fdc433b93e47c12952aa6fa6d59f185e1a5992419"},
    {file = "numpy-2.4.5-cp313-cp313-macosx_14_0_x86_64.whl", hash = "sha256:b1c663ddc641f4192e90511bec61a09bc231e3bbdb996cdc6edbcaa0e528d685"},
    {file = "numpy-2.4.5-cp313-cp313-manylinux_2_27_aarch64.manylinux_2_28_aarch64.whl", hash = "sha256:93793222b524f692f12b2f8752ce8b1d9d9125b2bfd5dbf0fb69c92c5e1ce86c"},
    {file = "numpy-2.4.5-cp313-cp313-manylinux_2_27_x86_64.manylinux_2_28_x86_64.whl", hash = "sha256:1616bde34b2bcba2fa9bde06217ce00da4f3d1bdfb264d54525a99e8fe170d83"},
    {file = "numpy-2.4.5-cp313-cp313-musllinux_1_2_aarch64.whl", hash = "sha256:09d7d97da1c2c62f4818b3e150a57572ff8dcf1cf5ac501aac832ffd4ebd9566"},
    {file = "numpy-2.4.5-cp313-cp313-musllinux_1_2_x86_64.whl", hash = "sha256:2d68d0b355ab2e39fe0de59001d7151dfdbbb880ef67baeed806661e03df5097"},
    {file = "numpy-2.4.5-cp313-cp313-win32.whl", hash = "sha256:fe28b64777ddfa0eca9b5f51474034ebe3dcb8324f48f27b28f479085673ae33"},
    {file = "numpy-2.4.5-cp313-cp313-win_amd64.whl", hash = "sha256:fb4a6c9c537d6ccec9cc4aeae4261bd3cc79b070c67ddc0646f5b1c07fddde42"},
    {file = "numpy-2.4.5-cp313-cp313-win_arm64.whl", hash = "sha256:6d7df2da2e7ea0624a43aa368104b3a3ce14aae98ad4bb2c9a93fecef76f1c97"},
    {file = "numpy-2.4.5-cp313-cp313t-macosx_11_0_arm64.whl", hash = "sha256:2a235607a18df941760a695927051af4b1cd5d3ee85840d0e2af816785771feb"},
    {file = "numpy-2.4.5-cp313-cp313t-macosx_14_0_arm64.whl", hash = "sha256:58dcf64969d870f36bc7fbd557d2617e997db7dc06261b6e3327148ea460d0a4"},
    {file = "numpy-2.4.5-cp313-cp313t-macosx_14_0_x86_64.whl", hash = "sha256:235f54b0156274d8fa3155db3ed6d2f401c7e8f3367c90db0a12f02a58fde6ed"},
    {file = "numpy-2.4.5-cp313-cp313t-manylinux_2_27_aarch64.manylinux_2_28_aarch64.whl", hash = "sha256:ef3b5bb65437a3555c648e706475db01c645559ca80dc8b03e4f202ea757e0d6"},
    {file = "numpy-2.4.5-cp313-cp313t-manylinux_2_27_x86_64.manylinux_2_28_x86_64.whl", hash = "sha256:7f09a7e5f017d7098c66522097c96257411c9620c0926212200d66bc8cee3976"},
    {file = "numpy-2.4.5-cp313-cp313t-musllinux_1_2_aarch64.whl", hash = "sha256:993a88d8fdd8554466a8765cd8bacd97ba56b70ca6b0a04bcdca77f5afed4222"},
    {file = "numpy-2.4.5-cp313-cp313t-musllinux_1_2_x86_64.whl", hash = "sha256:84f58bed609b5669f5ad3d597901a4f1f86ee5b3c3708aaa55f05b4fe6e0f656"},
    {file = "numpy-2.4.5-cp313-cp313t-win32.whl", hash = "sha256:7200c58f3f933ca61e66346667dcc8510bb111995e9ce15398a731e6a4afa4bb"},
    {file = "numpy-2.4.5-cp313-cp313t-win_amd64.whl", hash = "sha256:c26c71080d35db5002102f5d9ff614d45de02aa1f7802943e691e063e5ee93bc"},
    {file = "numpy-2.4.5-cp313-cp313t-win_arm64.whl", hash = "sha256:2caa576d1707b275cba1aeb60a5c50daa6fa2a3f28ecb08123bc05fd439005db"},
    {file = "numpy-2.4.5-cp314-cp314-macosx_10_15_x86_64.whl", hash = "sha256:889ca2c072315de638a5194a772aa1fa2df92bdd6175f6a222d4784040424b61"},
    {file = "numpy-2.4.5-cp314-cp314-macosx_11_0_arm64.whl", hash = "sha256:89e89304fb1f8c3f0ecfa4a7d48f311dd79771336a940e920159d643d1307e77"},
    {file = "numpy-2.4.5-cp314-cp314-macosx_14_0_arm64.whl", hash = "sha256:144fcc5a3a17679b2b82543b4a2d8dd29937230a7af13232b5f753872feb6361"},
    {file = "numpy-2.4.5-cp314-cp314-macosx_14_0_x86_64.whl", hash = "sha256:398bb16772b265b9fa5c07b07072646ea97137c10ffb62a9a087b277fc825c29"},
    {file = "numpy-2.4.5-cp314-cp314-manylinux_2_27_aarch64.manylinux_2_28_aarch64.whl", hash = "sha256:fb352e7b8876da1249e72254736d6c58c505fa4e58a3d7e30efca241ca9ca9ce"},
    {file = "numpy-2.4.5-cp314-cp314-manylinux_2_27_x86_64.manylinux_2_28_x86_64.whl", hash = "sha256:7341b08ff8124d7353939778e2707b8732d03c78c1c30e0815aba2dacbe1245a"},
    {file = "numpy-2.4.5-cp314-cp314-musllinux_1_2_aarch64.whl", hash = "sha256:deb01226f012539f3945261ffe1c10aec081a0fa0a5c925419933c70f3ae2d23"},
    {file = "numpy-2.4.5-cp314-cp314-musllinux_1_2_x86_64.whl", hash = "sha256:d888bdf7335f76878c3c7b264ac1ff089863e211ec81249f9fb5795c2183dc25"},
    {file = "numpy-2.4.5-cp314-cp314-win32.whl", hash = "sha256:15f90d1256e9b2320aff24fde44815b787ab6d7c49a1a11bfd8138b321c5f080"},
    {file = "numpy-2.4.5-cp314-cp314-win_amd64.whl", hash = "sha256:4bd2cd4ef9c0afa87de73723c0a33c0edff62143e1432917458e26d3d195d87f"},
    {file = "numpy-2.4.5-cp314-cp314-win_arm64.whl", hash = "sha256:db304568c650e9d7039744d3575d0d287754debb2057d7c7b8cdfdc2c487a957"},
    {file = "numpy-2.4.5-cp314-cp314t-macosx_11_0_arm64.whl", hash = "sha256:6de2883e0d2c63eae1bab1a84b390dca74aabb3d20ea1f5d58f360853c83abf3"},
    {file = "numpy-2.4.5-cp314-cp314t-macosx_14_0_arm64.whl", hash = "sha256:06760fe73ae5005008748d182de612c733542af3cde063d532cd2127561b27be"},
    {file = "numpy-2.4.5-cp314-cp314t-macosx_14_0_x86_64.whl", hash = "sha256:4b51a01745cb04cc19278482207444b4d30728ce91c28d27a3bfae5fc6ff24c7"},
    {file = "numpy-2.4.5-cp314-cp314t-manylinux_2_27_aarch64.manylinux_2_28_aarch64.whl", hash = "sha256:9a05636d7937d0936f271e5ba957fa8d746b5be3c2025caa1a2508f4fe521d40"},
    {file = "numpy-2.4.5-cp314-cp314t-manylinux_2_27_x86_64.manylinux_2_28_x86_64.whl", hash = "sha256:14b86f56048ed09c3bbe48962a7dff077c2fd3274f8cf981800f3b38eac49cc3"},
    {file = "numpy-2.4.5-cp314-cp314t-musllinux_1_2_aarch64.whl", hash = "sha256:130d58151c4db23e9fa860b84784e219a3aa3e030acc88a493ea37006c4dfd4c"},
    {file = "numpy-2.4.5-cp314-cp314t-musllinux_1_2_x86_64.whl", hash = "sha256:d475afc8cbe935ff5944f753d863bba774d7f4e1feaaa4102901e3e053ca5963"},
    {file = "numpy-2.4.5-cp314-cp314t-win32.whl", hash = "sha256:27f4a6dc26353a860b348961b9aa9e009835688b435cfa105e873b8dc2c726f5"},
    {file = "numpy-2.4.5-cp314-cp314t-win_amd64.whl", hash = "sha256:76ac6e90f5e226011c88f9b7040a4bcae612518bc7e9adc127e697a13b28ad1a"},
    {file = "numpy-2.4.5-cp314-cp314t-win_arm64.whl", hash = "sha256:7c392e2c1bf596701d3c6832be7567eab5d5b0a13865036c33365ee097d37f8b"},
    {file = "numpy-2.4.5-pp311-pypy311_pp73-macosx_10_15_x86_64.whl", hash = "sha256:6bf0bfc1c2e1db972e30b6cd3d4861f477f3af908b27799b239dc3cbe3eb4b95"},
    {file = "numpy-2.4.5-pp311-pypy311_pp73-macosx_11_0_arm64.whl", hash = "sha256:73d664413fb97229149c4711ef56531a6fe8c15c1c2626b0bbe497b84c287e70"},
    {file = "numpy-2.4.5-pp311-pypy311_pp73-macosx_14_0_arm64.whl", hash = "sha256:b35bee5ef99e8d227a07829bee2e864fcb65f7c157646fcd8ec8b4b45dd8b88f"},
    {file = "numpy-2.4.5-pp311-pypy311_pp73-macosx_14_0_x86_64.whl", hash = "sha256:02981d0fc9f9ce147643d552966d47f329a02f7ecb3b113e84207242f20dfa83"},
    {file = "numpy-2.4.5-pp311-pypy311_pp73-manylinux_2_27_aarch64.manylinux_2_28_aarch64.whl", hash = "sha256:0e63caf31a1df06338ae63d999f7a33a675ced62eea9c9b02db4b1c1f45cff38"},
    {file = "numpy-2.4.5-pp311-pypy311_pp73-manylinux_2_27_x86_64.manylinux_2_28_x86_64.whl", hash = "sha256:d8fc52b85a7b45e474be53eddf08e006d22e381a4e41bcde8e4aa08da0e7d198"},
    {file = "numpy-2.4.5-pp311-pypy311_pp73-win_amd64.whl", hash = "sha256:40c71d50a4da1a7c317af419461052d3911a5770bfc5fd55baf52cc45e7a2c20"},
    {file = "numpy-2.4.5.tar.gz", hash = "sha256:ca670567a5683b7c1670ec03e0ddd5862e10934e92a70751d68d7b7b74ca7f9f"},
]

[[package]]
name = "packaging"
version = "26.2"
description = "Core utilities for Python packages"
optional = false
python-versions = ">=3.8"
groups = ["main"]
files = [
    {file = "packaging-26.2-py3-none-any.whl", hash = "sha256:5fc45236b9446107ff2415ce77c807cee2862cb6fac22b8a73826d0693b0980e"},
    {file = "packaging-26.2.tar.gz", hash = "sha256:ff452ff5a3e828ce110190feff1178bb1f2ea2281fa2075aadb987c2fb221661"},
]

[[package]]
name = "pandas"
version = "3.0.3"
description = "Powerful data structures for data analysis, time series, and statistics"
optional = false
python-versions = ">=3.11"
groups = ["main"]
files = [
    {file = "pandas-3.0.3-cp311-cp311-macosx_10_9_x86_64.whl", hash = "sha256:455f6f8139d4282188f526868dbc3c828470e88a3d9d59a891bd46a455f21b98"},
    {file = "pandas-3.0.3-cp311-cp311-macosx_11_0_arm64.whl", hash = "sha256:4e15135e2ee5df1063313e2425ceef8ac0f4ae775893815b0923651b806a5639"},
    {file = "pandas-3.0.3-cp311-cp311-manylinux_2_24_aarch64.manylinux_2_28_aarch64.whl", hash = "sha256:05f1f1752b8533ea03f7f39a9c15b1a058d067bb48f4748948e7a8691e0510f2"},
    {file = "pandas-3.0.3-cp311-cp311-manylinux_2_24_x86_64.manylinux_2_28_x86_64.whl", hash = "sha256:8a1e45c80cceb3b4a21bc5939d52e8cbd8d9b7305309219d59e9754d9ce09e27"},
    {file = "pandas-3.0.3-cp311-cp311-musllinux_1_2_aarch64.whl", hash = "sha256:14da8316da4d0c5a77618425996bfb1248ca87fc2c1486e6fde4652bd18b5824"},
    {file = "pandas-3.0.3-cp311-cp311-musllinux_1_2_x86_64.whl", hash = "sha256:a55066a0505dae0ba2b50a46637db34b46f9094c65c5d4800794ef6335010938"},
    {file = "pandas-3.0.3-cp311-cp311-win_amd64.whl", hash = "sha256:6674ab18ad8c57802867264b00e15e7bb904700cdd9046e3b2fa1fce237439ea"},
    {file = "pandas-3.0.3-cp311-cp311-win_arm64.whl", hash = "sha256:5cc09a68b3120e0f54870dede8287a7bb1fa463907e4fcec1ea77cab6179bf7a"},
    {file = "pandas-3.0.3-cp312-cp312-macosx_10_13_x86_64.whl", hash = "sha256:fed2ff7fd9779120e388e285fc029bd5cf9490cdd2e4166a9ee22c0e49a9ab09"},
    {file = "pandas-3.0.3-cp312-cp312-macosx_11_0_arm64.whl", hash = "sha256:b168fc218fd80a6cbdbdbc1a97ddc7889ed057d7eb45f50d866ceab5f39904c4"},
    {file = "pandas-3.0.3-cp312-cp312-manylinux_2_24_aarch64.manylinux_2_28_aarch64.whl", hash = "sha256:0383c72c75cdcca61a9e116e611143902dbfd08bff356829c2f6d1cf40a9ca8c"},
    {file = "pandas-3.0.3-cp312-cp312-manylinux_2_24_x86_64.manylinux_2_28_x86_64.whl", hash = "sha256:6dc0b3fd2169c9157deed50b4d519553a3655c8c6a96027136d654592be973a9"},
    {file = "pandas-3.0.3-cp312-cp312-musllinux_1_2_aarch64.whl", hash = "sha256:7e65d5407dc0b394f509699650e4a2ec01c0514f21850f453fa60f3be79a5dbf"},
    {file = "pandas-3.0.3-cp312-cp312-musllinux_1_2_x86_64.whl", hash = "sha256:f8894dc474d648fe7b6ff0ca9b0bd73950d19952bc1a6534540762c5d79d305c"},
    {file = "pandas-3.0.3-cp312-cp312-win_amd64.whl", hash = "sha256:c7be265b62cef88e253a941e4698604973736dcfe242fdb5198f0f7bc473cdcc"},
    {file = "pandas-3.0.3-cp312-cp312-win_arm64.whl", hash = "sha256:557409bc4178e70ee8d9ddb494798e51ebf6ea59330f6be22c51bab2a7db6c49"},
    {file = "pandas-3.0.3-cp313-cp313-macosx_10_13_x86_64.whl", hash = "sha256:67b3b64c11910cfa29f4e94a14d3bff9ee693b6fc76055e7cad549cee0aec5fa"},
    {file = "pandas-3.0.3-cp313-cp313-macosx_11_0_arm64.whl", hash = "sha256:39436b377d56d2a2e52d0395bdbee171f01068e99af5250509aceeb929f765c7"},
    {file = "pandas-3.0.3-cp313-cp313-manylinux_2_24_aarch64.manylinux_2_28_aarch64.whl", hash = "sha256:d4be06d68f9ddcfc645b87534911da79a8fbffc7573c80e0edcf42a5020624d8"},
    {file = "pandas-3.0.3-cp313-cp313-manylinux_2_24_x86_64.manylinux_2_28_x86_64.whl", hash = "sha256:a4eeb6830daf35a71cc09649bd823e2b542dac246cdee9614c6e4bd65028cd6a"},
    {file = "pandas-3.0.3-cp313-cp313-musllinux_1_2_aarch64.whl", hash = "sha256:1928e07221f82db493cd4af1e23c1bfca524a19a4699887975bff68f49a72bfb"},
    {file = "pandas-3.0.3-cp313-cp313-musllinux_1_2_x86_64.whl", hash = "sha256:51b1fe551acb77dac643c6fda86084d8d446c10fe64b06a9cc29c4cc8540e7f2"},
    {file = "pandas-3.0.3-cp313-cp313-win_amd64.whl", hash = "sha256:a82d532a3351d435432cd913edbccaf8b8e01d4dd0e5ced5a8d2e8ecd94c7e44"},
    {file = "pandas-3.0.3-cp313-cp313-win_arm64.whl", hash = "sha256:275c14e0fce14a2ec20eee474aecd305478ea3c1e6f6a9d8fe219a165542717e"},
    {file = "pandas-3.0.3-cp313-cp313t-macosx_10_13_x86_64.whl", hash = "sha256:46997386d528eb40376ecd6b033cf4a8a1e5282580f68f43de875b78cba2199d"},
    {file = "pandas-3.0.3-cp313-cp313t-macosx_11_0_arm64.whl", hash = "sha256:261e308dfb22448384b7580cf719d2f998fe2966c92893c3e77d14008af1f066"},
    {file = "pandas-3.0.3-cp313-cp313t-manylinux_2_24_aarch64.manylinux_2_28_aarch64.whl", hash = "sha256:dd1a5d1def6a46002e964510bdc67c368aa0951df5d1d9f8365336f5a1f490cd"},
    {file = "pandas-3.0.3-cp313-cp313t-manylinux_2_24_x86_64.manylinux_2_28_x86_64.whl", hash = "sha256:d72828c20c6d6e83e1e22a6a3b47b326b71664112fa9705dcbccfd7a39b62085"},
    {file = "pandas-3.0.3-cp313-cp313t-musllinux_1_2_aarch64.whl", hash = "sha256:d26cbe1fcfc12e8fd900e2454163e466b2d3af84f7c75481df7683ffc073d870"},
    {file = "pandas-3.0.3-cp313-cp313t-musllinux_1_2_x86_64.whl", hash = "sha256:3e91cec1879ada0624fc3dc9953c5cbd60208e59c0db28f540c5d6d47502422f"},
    {file = "pandas-3.0.3-cp313-cp313t-win_amd64.whl", hash = "sha256:08d789b41f87e0905880e293cedf6197ce71fe67cc081358b1e148a491b9bd13"},
    {file = "pandas-3.0.3-cp314-cp314-macosx_10_15_x86_64.whl", hash = "sha256:3650109c0f22879df8bd6179ab9ee3d7f1d1d4e7e0094a3f0032d9f51e2e64ac"},
    {file = "pandas-3.0.3-cp314-cp314-macosx_11_0_arm64.whl", hash = "sha256:bab900348131a7db1f69a7309ef141fd5680f1487094193bcbbb61791573bf8f"},
    {file = "pandas-3.0.3-cp314-cp314-manylinux_2_24_aarch64.manylinux_2_28_aarch64.whl", hash = "sha256:ba7e08b9ac1d54569cd1e256e3668975ed624d6826f7b68df0342b012007bddb"},
    {file = "pandas-3.0.3-cp314-cp314-manylinux_2_24_x86_64.manylinux_2_28_x86_64.whl", hash = "sha256:9d71c63ae4ebdbf70209742096f1fc46a83a0613c99d4b23766cced9ff8cd62a"},
    {file = "pandas-3.0.3-cp314-cp314-musllinux_1_2_aarch64.whl", hash = "sha256:e3a2ec42c98ffa2565a67e08e218d06d72576d758d90facb7c00805194d8f360"},
    {file = "pandas-3.0.3-cp314-cp314-musllinux_1_2_x86_64.whl", hash = "sha256:335f62418ed562cfc3c49e9e196375c28b729dcef8543abf4f9438e381bf3c76"},
    {file = "pandas-3.0.3-cp314-cp314-win_amd64.whl", hash = "sha256:3c20a521bbb85902f79f7270c80a59e1b5452d96d170c034f207181870f97ac5"},
    {file = "pandas-3.0.3-cp314-cp314-win_arm64.whl", hash = "sha256:a2d2dff8a04f3917b55ab3910c32990f8ddf7eceba114947838cefa976a68977"},
    {file = "pandas-3.0.3-cp314-cp314t-macosx_10_15_x86_64.whl", hash = "sha256:0d589105b3c14645af1738ff279b2995102d8f7a03b0a66dc8d95550eb513e04"},
    {file = "pandas-3.0.3-cp314-cp314t-macosx_11_0_arm64.whl", hash = "sha256:13fc1e853d9e04743d11ba75a985ccbc2a317fe07d8af61e445a6fd24dacd6a6"},
    {file = "pandas-3.0.3-cp314-cp314t-manylinux_2_24_aarch64.manylinux_2_28_aarch64.whl", hash = "sha256:819959dab7bbd0049c15623fbac4e29a191b9528160a61fb1032242d8ced2d9c"},
    {file = "pandas-3.0.3-cp314-cp314t-manylinux_2_24_x86_64.manylinux_2_28_x86_64.whl", hash = "sha256:60ae316d3fd75d1858d450d0db0103ea2be3e7d4a95ec2f064f7e2ae63f7b028"},
    {file = "pandas-3.0.3-cp314-cp314t-musllinux_1_2_aarch64.whl", hash = "sha256:bd3a518890b400d32f9023722dc9a9a5c969f00b415419a3c06c043f09bb5d7d"},
    {file = "pandas-3.0.3-cp314-cp314t-musllinux_1_2_x86_64.whl", hash = "sha256:9c39be2d709d01fa972a0cabc522389fceca4f3969332ba25a7d6c5802cf976a"},
    {file = "pandas-3.0.3-cp314-cp314t-win_amd64.whl", hash = "sha256:4db8c527972a821cf5286b40ccc57642a39bc62e62022b42f99f8a67fca8c3a1"},
    {file = "pandas-3.0.3-cp314-cp314t-win_arm64.whl", hash = "sha256:b2c95f8bfc1ee412bf482605d7bfd30c12d1d26bd59fdd91efeef1d4718decb1"},
    {file = "pandas-3.0.3.tar.gz", hash = "sha256:696a4a00a2a2a35d4e5deb3fc946641b96c944f02230e4f76137fe35d806c4fc"},
]

[package.dependencies]
numpy = [
    {version = ">=1.26.0", markers = "python_version < \"3.14\""},
    {version = ">=2.3.3", markers = "python_version >= \"3.14\""},
]
python-dateutil = ">=2.8.2"
tzdata = {version = "*", markers = "sys_platform == \"win32\" or sys_platform == \"emscripten\""}

[package.extras]
all = ["PyQt5 (>=5.15.9)", "SQLAlchemy (>=2.0.36)", "adbc-driver-postgresql (>=1.2.0)", "adbc-driver-sqlite (>=1.2.0)", "beautifulsoup4 (>=4.12.3)", "bottleneck (>=1.4.2)", "fastparquet (>=2024.11.0)", "fsspec (>=2024.10.0)", "gcsfs (>=2024.10.0)", "html5lib (>=1.1)", "hypothesis (>=6.116.0)", "jinja2 (>=3.1.5)", "lxml (>=5.3.0)", "matplotlib (>=3.9.3)", "numba (>=0.60.0)", "numexpr (>=2.10.2)", "odfpy (>=1.4.1)", "openpyxl (>=3.1.5)", "psycopg2 (>=2.9.10)", "pyarrow (>=13.0.0)", "pyiceberg (>=0.8.1)", "pymysql (>=1.1.1)", "pyreadstat (>=1.2.8)", "pytest (>=8.3.4)", "pytest-xdist (>=3.6.1)", "python-calamine (>=0.3.0)", "pytz (>=2020.1)", "pyxlsb (>=1.0.10)", "qtpy (>=2.4.2)", "s3fs (>=2024.10.0)", "scipy (>=1.14.1)", "tables (>=3.10.1)", "tabulate (>=0.9.0)", "xarray (>=2024.10.0)", "xlrd (>=2.0.1)", "xlsxwriter (>=3.2.0)", "zstandard (>=0.23.0)"]
aws = ["s3fs (>=2024.10.0)"]
clipboard = ["PyQt5 (>=5.15.9)", "qtpy (>=2.4.2)"]
compression = ["zstandard (>=0.23.0)"]
computation = ["scipy (>=1.14.1)", "xarray (>=2024.10.0)"]
excel = ["odfpy (>=1.4.1)", "openpyxl (>=3.1.5)", "python-calamine (>=0.3.0)", "pyxlsb (>=1.0.10)", "xlrd (>=2.0.1)", "xlsxwriter (>=3.2.0)"]
feather = ["pyarrow (>=13.0.0)"]
fss = ["fsspec (>=2024.10.0)"]
gcp = ["gcsfs (>=2024.10.0)"]
hdf5 = ["tables (>=3.10.1)"]
html = ["beautifulsoup4 (>=4.12.3)", "html5lib (>=1.1)", "lxml (>=5.3.0)"]
iceberg = ["pyiceberg (>=0.8.1)"]
mysql = ["SQLAlchemy (>=2.0.36)", "pymysql (>=1.1.1)"]
output-formatting = ["jinja2 (>=3.1.5)", "tabulate (>=0.9.0)"]
parquet = ["pyarrow (>=13.0.0)"]
performance = ["bottleneck (>=1.4.2)", "numba (>=0.60.0)", "numexpr (>=2.10.2)"]
plot = ["matplotlib (>=3.9.3)"]
postgresql = ["SQLAlchemy (>=2.0.36)", "adbc-driver-postgresql (>=1.2.0)", "psycopg2 (>=2.9.10)"]
pyarrow = ["pyarrow (>=13.0.0)"]
spss = ["pyreadstat (>=1.2.8)"]
sql-other = ["SQLAlchemy (>=2.0.36)", "adbc-driver-postgresql (>=1.2.0)", "adbc-driver-sqlite (>=1.2.0)"]
test = ["hypothesis (>=6.116.0)", "pytest (>=8.3.4)", "pytest-xdist (>=3.6.1)"]
timezone = ["pytz (>=2020.1)"]
xml = ["lxml (>=5.3.0)"]

[[package]]
name = "plotly"
version = "6.7.0"
description = "An open-source interactive data visualization library for Python"
optional = false
python-versions = ">=3.8"
groups = ["main"]
files = [
    {file = "plotly-6.7.0-py3-none-any.whl", hash = "sha256:ac8aca1c25c663a59b5b9140a549264a5badde2e057d79b8c772ae2920e32ff0"},
    {file = "plotly-6.7.0.tar.gz", hash = "sha256:45eea0ff27e2a23ccd62776f77eb43aa1ca03df4192b76036e380bb479b892c6"},
]

[package.dependencies]
narwhals = ">=1.15.1"
packaging = "*"

[package.extras]
dev = ["anywidget", "build", "colorcet", "fiona (<=1.9.6) ; python_version <= \"3.8\"", "geopandas", "inflect", "jupyterlab", "kaleido (>=1.1.0)", "numpy (>=1.22)", "orjson", "pandas", "pdfrw", "pillow", "plotly-geo", "polars[timezone]", "pyarrow", "pyshp", "pytest", "pytz", "requests", "ruff (==0.11.12)", "scikit-image", "scipy", "shapely", "statsmodels", "vaex ; python_version <= \"3.9\"", "xarray"]
dev-build = ["build", "jupyterlab", "pytest", "requests", "ruff (==0.11.12)"]
dev-core = ["pytest", "requests", "ruff (==0.11.12)"]
dev-optional = ["anywidget", "build", "colorcet", "fiona (<=1.9.6) ; python_version <= \"3.8\"", "geopandas", "inflect", "jupyterlab", "kaleido (>=1.1.0)", "numpy (>=1.22)", "orjson", "pandas", "pdfrw", "pillow", "plotly-geo", "polars[timezone]", "pyarrow", "pyshp", "pytest", "pytz", "requests", "ruff (==0.11.12)", "scikit-image", "scipy", "shapely", "statsmodels", "vaex ; python_version <= \"3.9\"", "xarray"]
express = ["numpy (>=1.22)"]
kaleido = ["kaleido (>=1.1.0)"]

[[package]]
name = "pygments"
version = "2.20.0"
description = "Pygments is a syntax highlighting package written in Python."
optional = false
python-versions = ">=3.9"
groups = ["main"]
files = [
    {file = "pygments-2.20.0-py3-none-any.whl", hash = "sha256:81a9e26dd42fd28a23a2d169d86d7ac03b46e2f8b59ed4698fb4785f946d0176"},
    {file = "pygments-2.20.0.tar.gz", hash = "sha256:6757cd03768053ff99f3039c1a36d6c0aa0b263438fcab17520b30a303a82b5f"},
]

[package.extras]
windows-terminal = ["colorama (>=0.4.6)"]

[[package]]
name = "python-dateutil"
version = "2.9.0.post0"
description = "Extensions to the standard Python datetime module"
optional = false
python-versions = "!=3.0.*,!=3.1.*,!=3.2.*,>=2.7"
groups = ["main"]
files = [
    {file = "python-dateutil-2.9.0.post0.tar.gz", hash = "sha256:37dd54208da7e1cd875388217d5e00ebd4179249f90fb72437e91a35459a0ad3"},
    {file = "python_dateutil-2.9.0.post0-py2.py3-none-any.whl", hash = "sha256:a8b2bc7bffae282281c8140a97d3aa9c14da0b136dfe83f850eea9a5f7470427"},
]

[package.dependencies]
six = ">=1.5"

[[package]]
name = "six"
version = "1.17.0"
description = "Python 2 and 3 compatibility utilities"
optional = false
python-versions = "!=3.0.*,!=3.1.*,!=3.2.*,>=2.7"
groups = ["main"]
files = [
    {file = "six-1.17.0-py2.py3-none-any.whl", hash = "sha256:4721f391ed90541fddacab5acf947aa0d3dc7d27b2e1e8eda2be8970586c3274"},
    {file = "six-1.17.0.tar.gz", hash = "sha256:ff70335d468e7eb6ec65b95b99d3a2836546063f63acc5171de367e834932a81"},
]

[[package]]
name = "tzdata"
version = "2026.2"
description = "Provider of IANA time zone data"
optional = false
python-versions = ">=2"
groups = ["main"]
markers = "sys_platform == \"win32\" or sys_platform == \"emscripten\""
files = [
    {file = "tzdata-2026.2-py2.py3-none-any.whl", hash = "sha256:bbe9af844f658da81a5f95019480da3a89415801f6cc966806612cc7169bffe7"},
    {file = "tzdata-2026.2.tar.gz", hash = "sha256:9173fde7d80d9018e02a662e168e5a2d04f87c41ea174b139fbef642eda62d10"},
]

[metadata]
lock-version = "2.1"
python-versions = ">=3.11,<4.0"
content-hash = "cc3ad33ffb6fac3190071bd48d0596ad4a8fe166cce81bd07fd6bf5a80247c30"
